// !$*UTF8*$!
{
	archiveVersion = 1;
	classes = {
	};
	objectVersion = 55;
	objects = {

/* Begin PBXBuildFile section */
		22C63AC8271F5F3C00D13DAD /* EnviroScannerApp.swift in Sources */ = {isa = PBXBuildFile; fileRef = 22C63AC7271F5F3C00D13DAD /* EnviroScannerApp.swift */; };
		22C63ACA271F5F3C00D13DAD /* ContentView.swift in Sources */ = {isa = PBXBuildFile; fileRef = 22C63AC9271F5F3C00D13DAD /* ContentView.swift */; };
		22C63ACC271F5F3F00D13DAD /* Assets.xcassets in Resources */ = {isa = PBXBuildFile; fileRef = 22C63ACB271F5F3F00D13DAD /* Assets.xcassets */; };
		22C63ACF271F5F3F00D13DAD /* Preview Assets.xcassets in Resources */ = {isa = PBXBuildFile; fileRef = 22C63ACE271F5F3F00D13DAD /* Preview Assets.xcassets */; };
		22C63AD6271F607000D13DAD /* StandardViews.swift in Sources */ = {isa = PBXBuildFile; fileRef = 22C63AD5271F607000D13DAD /* StandardViews.swift */; };
		22C63ADA271F608C00D13DAD /* RHSViews.swift in Sources */ = {isa = PBXBuildFile; fileRef = 22C63AD9271F608C00D13DAD /* RHSViews.swift */; };
		22C63ADC271F60AC00D13DAD /* LHSViews.swift in Sources */ = {isa = PBXBuildFile; fileRef = 22C63ADB271F60AC00D13DAD /* LHSViews.swift */; };
		22C63ADE271F6A2900D13DAD /* BottomSheetView.swift in Sources */ = {isa = PBXBuildFile; fileRef = 22C63ADD271F6A2900D13DAD /* BottomSheetView.swift */; };
		22C63AE4271F8C0700D13DAD /* PagerView.swift in Sources */ = {isa = PBXBuildFile; fileRef = 22C63AE3271F8C0700D13DAD /* PagerView.swift */; };
/* End PBXBuildFile section */

/* Begin PBXFileReference section */
		22C63AC4271F5F3C00D13DAD /* EnviroScanner.app */ = {isa = PBXFileReference; explicitFileType = wrapper.application; includeInIndex = 0; path = EnviroScanner.app; sourceTree = BUILT_PRODUCTS_DIR; };
		22C63AC7271F5F3C00D13DAD /* EnviroScannerApp.swift */ = {isa = PBXFileReference; lastKnownFileType = sourcecode.swift; path = EnviroScannerApp.swift; sourceTree = "<group>"; };
		22C63AC9271F5F3C00D13DAD /* ContentView.swift */ = {isa = PBXFileReference; lastKnownFileType = sourcecode.swift; path = ContentView.swift; sourceTree = "<group>"; };
		22C63ACB271F5F3F00D13DAD /* Assets.xcassets */ = {isa = PBXFileReference; lastKnownFileType = folder.assetcatalog; path = Assets.xcassets; sourceTree = "<group>"; };
		22C63ACE271F5F3F00D13DAD /* Preview Assets.xcassets */ = {isa = PBXFileReference; lastKnownFileType = folder.assetcatalog; path = "Preview Assets.xcassets"; sourceTree = "<group>"; };
		22C63AD5271F607000D13DAD /* StandardViews.swift */ = {isa = PBXFileReference; lastKnownFileType = sourcecode.swift; path = StandardViews.swift; sourceTree = "<group>"; };
		22C63AD9271F608C00D13DAD /* RHSViews.swift */ = {isa = PBXFileReference; lastKnownFileType = sourcecode.swift; path = RHSViews.swift; sourceTree = "<group>"; };
		22C63ADB271F60AC00D13DAD /* LHSViews.swift */ = {isa = PBXFileReference; lastKnownFileType = sourcecode.swift; path = LHSViews.swift; sourceTree = "<group>"; };
		22C63ADD271F6A2900D13DAD /* BottomSheetView.swift */ = {isa = PBXFileReference; lastKnownFileType = sourcecode.swift; path = BottomSheetView.swift; sourceTree = "<group>"; };
		22C63AE3271F8C0700D13DAD /* PagerView.swift */ = {isa = PBXFileReference; lastKnownFileType = sourcecode.swift; path = PagerView.swift; sourceTree = "<group>"; };
/* End PBXFileReference section */

/* Begin PBXFrameworksBuildPhase section */
		22C63AC1271F5F3C00D13DAD /* Frameworks */ = {
			isa = PBXFrameworksBuildPhase;
			buildActionMask = 2147483647;
			files = (
			);
			runOnlyForDeploymentPostprocessing = 0;
		};
/* End PBXFrameworksBuildPhase section */

/* Begin PBXGroup section */
		22C63ABB271F5F3C00D13DAD = {
			isa = PBXGroup;
			children = (
				22C63AC6271F5F3C00D13DAD /* EnviroScanner */,
				22C63AC5271F5F3C00D13DAD /* Products */,
			);
			sourceTree = "<group>";
			usesTabs = 1;
		};
		22C63AC5271F5F3C00D13DAD /* Products */ = {
			isa = PBXGroup;
			children = (
				22C63AC4271F5F3C00D13DAD /* EnviroScanner.app */,
			);
			name = Products;
			sourceTree = "<group>";
		};
		22C63AC6271F5F3C00D13DAD /* EnviroScanner */ = {
			isa = PBXGroup;
			children = (
				22C63AC7271F5F3C00D13DAD /* EnviroScannerApp.swift */,
				22C63AC9271F5F3C00D13DAD /* ContentView.swift */,
				22C63AE3271F8C0700D13DAD /* PagerView.swift */,
				22C63AD5271F607000D13DAD /* StandardViews.swift */,
				22C63ADD271F6A2900D13DAD /* BottomSheetView.swift */,
				22C63AD9271F608C00D13DAD /* RHSViews.swift */,
				22C63ADB271F60AC00D13DAD /* LHSViews.swift */,
				22C63ACB271F5F3F00D13DAD /* Assets.xcassets */,
				22C63ACD271F5F3F00D13DAD /* Preview Content */,
			);
			path = EnviroScanner;
			sourceTree = "<group>";
		};
		22C63ACD271F5F3F00D13DAD /* Preview Content */ = {
			isa = PBXGroup;
			children = (
				22C63ACE271F5F3F00D13DAD /* Preview Assets.xcassets */,
			);
			path = "Preview Content";
			sourceTree = "<group>";
		};
/* End PBXGroup section */

/* Begin PBXNativeTarget section */
		22C63AC3271F5F3C00D13DAD /* EnviroScanner */ = {
			isa = PBXNativeTarget;
			buildConfigurationList = 22C63AD2271F5F3F00D13DAD /* Build configuration list for PBXNativeTarget "EnviroScanner" */;
			buildPhases = (
				22C63AC0271F5F3C00D13DAD /* Sources */,
				22C63AC1271F5F3C00D13DAD /* Frameworks */,
				22C63AC2271F5F3C00D13DAD /* Resources */,
			);
			buildRules = (
			);
			dependencies = (
			);
			name = EnviroScanner;
			productName = EnviroScanner;
			productReference = 22C63AC4271F5F3C00D13DAD /* EnviroScanner.app */;
			productType = "com.apple.product-type.application";
		};
/* End PBXNativeTarget section */

/* Begin PBXProject section */
		22C63ABC271F5F3C00D13DAD /* Project object */ = {
			isa = PBXProject;
			attributes = {
				BuildIndependentTargetsInParallel = 1;
				LastSwiftUpdateCheck = 1300;
				LastUpgradeCheck = 1300;
				TargetAttributes = {
					22C63AC3271F5F3C00D13DAD = {
						CreatedOnToolsVersion = 13.0;
					};
				};
			};
			buildConfigurationList = 22C63ABF271F5F3C00D13DAD /* Build configuration list for PBXProject "EnviroScanner" */;
			compatibilityVersion = "Xcode 13.0";
			developmentRegion = en;
			hasScannedForEncodings = 0;
			knownRegions = (
				en,
				Base,
			);
			mainGroup = 22C63ABB271F5F3C00D13DAD;
			productRefGroup = 22C63AC5271F5F3C00D13DAD /* Products */;
			projectDirPath = "";
			projectRoot = "";
			targets = (
				22C63AC3271F5F3C00D13DAD /* EnviroScanner */,
			);
		};
/* End PBXProject section */

/* Begin PBXResourcesBuildPhase section */
		22C63AC2271F5F3C00D13DAD /* Resources */ = {
			isa = PBXResourcesBuildPhase;
			buildActionMask = 2147483647;
			files = (
				22C63ACF271F5F3F00D13DAD /* Preview Assets.xcassets in Resources */,
				22C63ACC271F5F3F00D13DAD /* Assets.xcassets in Resources */,
			);
			runOnlyForDeploymentPostprocessing = 0;
		};
/* End PBXResourcesBuildPhase section */

/* Begin PBXSourcesBuildPhase section */
		22C63AC0271F5F3C00D13DAD /* Sources */ = {
			isa = PBXSourcesBuildPhase;
			buildActionMask = 2147483647;
			files = (
				22C63AE4271F8C0700D13DAD /* PagerView.swift in Sources */,
				22C63ADA271F608C00D13DAD /* RHSViews.swift in Sources */,
				22C63ADC271F60AC00D13DAD /* LHSViews.swift in Sources */,
				22C63ACA271F5F3C00D13DAD /* ContentView.swift in Sources */,
				22C63AD6271F607000D13DAD /* StandardViews.swift in Sources */,
				22C63AC8271F5F3C00D13DAD /* EnviroScannerApp.swift in Sources */,
				22C63ADE271F6A2900D13DAD /* BottomSheetView.swift in Sources */,
			);
			runOnlyForDeploymentPostprocessing = 0;
		};
/* End PBXSourcesBuildPhase section */

/* Begin XCBuildConfiguration section */
		22C63AD0271F5F3F00D13DAD /* Debug */ = {
			isa = XCBuildConfiguration;
			buildSettings = {
				ALWAYS_SEARCH_USER_PATHS = NO;
				CLANG_ANALYZER_NONNULL = YES;
				CLANG_ANALYZER_NUMBER_OBJECT_CONVERSION = YES_AGGRESSIVE;
				CLANG_CXX_LANGUAGE_STANDARD = "gnu++17";
				CLANG_CXX_LIBRARY = "libc++";
				CLANG_ENABLE_MODULES = YES;
				CLANG_ENABLE_OBJC_ARC = YES;
				CLANG_ENABLE_OBJC_WEAK = YES;
				CLANG_WARN_BLOCK_CAPTURE_AUTORELEASING = YES;
				CLANG_WARN_BOOL_CONVERSION = YES;
				CLANG_WARN_COMMA = YES;
				CLANG_WARN_CONSTANT_CONVERSION = YES;
				CLANG_WARN_DEPRECATED_OBJC_IMPLEMENTATIONS = YES;
				CLANG_WARN_DIRECT_OBJC_ISA_USAGE = YES_ERROR;
				CLANG_WARN_DOCUMENTATION_COMMENTS = YES;
				CLANG_WARN_EMPTY_BODY = YES;
				CLANG_WARN_ENUM_CONVERSION = YES;
				CLANG_WARN_INFINITE_RECURSION = YES;
				CLANG_WARN_INT_CONVERSION = YES;
				CLANG_WARN_NON_LITERAL_NULL_CONVERSION = YES;
				CLANG_WARN_OBJC_IMPLICIT_RETAIN_SELF = YES;
				CLANG_WARN_OBJC_LITERAL_CONVERSION = YES;
				CLANG_WARN_OBJC_ROOT_CLASS = YES_ERROR;
				CLANG_WARN_QUOTED_INCLUDE_IN_FRAMEWORK_HEADER = YES;
				CLANG_WARN_RANGE_LOOP_ANALYSIS = YES;
				CLANG_WARN_STRICT_PROTOTYPES = YES;
				CLANG_WARN_SUSPICIOUS_MOVE = YES;
				CLANG_WARN_UNGUARDED_AVAILABILITY = YES_AGGRESSIVE;
				CLANG_WARN_UNREACHABLE_CODE = YES;
				CLANG_WARN__DUPLICATE_METHOD_MATCH = YES;
				COPY_PHASE_STRIP = NO;
				DEBUG_INFORMATION_FORMAT = dwarf;
				ENABLE_STRICT_OBJC_MSGSEND = YES;
				ENABLE_TESTABILITY = YES;
				GCC_C_LANGUAGE_STANDARD = gnu11;
				GCC_DYNAMIC_NO_PIC = NO;
				GCC_NO_COMMON_BLOCKS = YES;
				GCC_OPTIMIZATION_LEVEL = 0;
				GCC_PREPROCESSOR_DEFINITIONS = (
					"DEBUG=1",
					"$(inherited)",
				);
				GCC_WARN_64_TO_32_BIT_CONVERSION = YES;
				GCC_WARN_ABOUT_RETURN_TYPE = YES_ERROR;
				GCC_WARN_UNDECLARED_SELECTOR = YES;
				GCC_WARN_UNINITIALIZED_AUTOS = YES_AGGRESSIVE;
				GCC_WARN_UNUSED_FUNCTION = YES;
				GCC_WARN_UNUSED_VARIABLE = YES;
				IPHONEOS_DEPLOYMENT_TARGET = 15.0;
				MTL_ENABLE_DEBUG_INFO = INCLUDE_SOURCE;
				MTL_FAST_MATH = YES;
				ONLY_ACTIVE_ARCH = YES;
				SDKROOT = iphoneos;
				SWIFT_ACTIVE_COMPILATION_CONDITIONS = DEBUG;
				SWIFT_OPTIMIZATION_LEVEL = "-Onone";
			};
			name = Debug;
		};
		22C63AD1271F5F3F00D13DAD /* Release */ = {
			isa = XCBuildConfiguration;
			buildSettings = {
				ALWAYS_SEARCH_USER_PATHS = NO;
				CLANG_ANALYZER_NONNULL = YES;
				CLANG_ANALYZER_NUMBER_OBJECT_CONVERSION = YES_AGGRESSIVE;
				CLANG_CXX_LANGUAGE_STANDARD = "gnu++17";
				CLANG_CXX_LIBRARY = "libc++";
				CLANG_ENABLE_MODULES = YES;
				CLANG_ENABLE_OBJC_ARC = YES;
				CLANG_ENABLE_OBJC_WEAK = YES;
				CLANG_WARN_BLOCK_CAPTURE_AUTORELEASING = YES;
				CLANG_WARN_BOOL_CONVERSION = YES;
				CLANG_WARN_COMMA = YES;
				CLANG_WARN_CONSTANT_CONVERSION = YES;
				CLANG_WARN_DEPRECATED_OBJC_IMPLEMENTATIONS = YES;
				CLANG_WARN_DIRECT_OBJC_ISA_USAGE = YES_ERROR;
				CLANG_WARN_DOCUMENTATION_COMMENTS = YES;
				CLANG_WARN_EMPTY_BODY = YES;
				CLANG_WARN_ENUM_CONVERSION = YES;
				CLANG_WARN_INFINITE_RECURSION = YES;
				CLANG_WARN_INT_CONVERSION = YES;
				CLANG_WARN_NON_LITERAL_NULL_CONVERSION = YES;
				CLANG_WARN_OBJC_IMPLICIT_RETAIN_SELF = YES;
				CLANG_WARN_OBJC_LITERAL_CONVERSION = YES;
				CLANG_WARN_OBJC_ROOT_CLASS = YES_ERROR;
				CLANG_WARN_QUOTED_INCLUDE_IN_FRAMEWORK_HEADER = YES;
				CLANG_WARN_RANGE_LOOP_ANALYSIS = YES;
				CLANG_WARN_STRICT_PROTOTYPES = YES;
				CLANG_WARN_SUSPICIOUS_MOVE = YES;
				CLANG_WARN_UNGUARDED_AVAILABILITY = YES_AGGRESSIVE;
				CLANG_WARN_UNREACHABLE_CODE = YES;
				CLANG_WARN__DUPLICATE_METHOD_MATCH = YES;
				COPY_PHASE_STRIP = NO;
				DEBUG_INFORMATION_FORMAT = "dwarf-with-dsym";
				ENABLE_NS_ASSERTIONS = NO;
				ENABLE_STRICT_OBJC_MSGSEND = YES;
				GCC_C_LANGUAGE_STANDARD = gnu11;
				GCC_NO_COMMON_BLOCKS = YES;
				GCC_WARN_64_TO_32_BIT_CONVERSION = YES;
				GCC_WARN_ABOUT_RETURN_TYPE = YES_ERROR;
				GCC_WARN_UNDECLARED_SELECTOR = YES;
				GCC_WARN_UNINITIALIZED_AUTOS = YES_AGGRESSIVE;
				GCC_WARN_UNUSED_FUNCTION = YES;
				GCC_WARN_UNUSED_VARIABLE = YES;
				IPHONEOS_DEPLOYMENT_TARGET = 15.0;
				MTL_ENABLE_DEBUG_INFO = NO;
				MTL_FAST_MATH = YES;
				SDKROOT = iphoneos;
				SWIFT_COMPILATION_MODE = wholemodule;
				SWIFT_OPTIMIZATION_LEVEL = "-O";
				VALIDATE_PRODUCT = YES;
			};
			name = Release;
		};
		22C63AD3271F5F3F00D13DAD /* Debug */ = {
			isa = XCBuildConfiguration;
			buildSettings = {
				ASSETCATALOG_COMPILER_APPICON_NAME = AppIcon;
				ASSETCATALOG_COMPILER_GLOBAL_ACCENT_COLOR_NAME = AccentColor;
				CODE_SIGN_STYLE = Automatic;
				CURRENT_PROJECT_VERSION = 1;
				DEVELOPMENT_ASSET_PATHS = "\"EnviroScanner/Preview Content\"";
				DEVELOPMENT_TEAM = D3FTVZH9EX;
				ENABLE_PREVIEWS = YES;
				GENERATE_INFOPLIST_FILE = YES;
				INFOPLIST_KEY_UIApplicationSceneManifest_Generation = YES;
				INFOPLIST_KEY_UIApplicationSupportsIndirectInputEvents = YES;
				INFOPLIST_KEY_UILaunchScreen_Generation = YES;
				INFOPLIST_KEY_UISupportedInterfaceOrientations_iPad = "UIInterfaceOrientationPortrait UIInterfaceOrientationPortraitUpsideDown UIInterfaceOrientationLandscapeLeft UIInterfaceOrientationLandscapeRight";
				INFOPLIST_KEY_UISupportedInterfaceOrientations_iPhone = "UIInterfaceOrientationPortrait UIInterfaceOrientationLandscapeLeft UIInterfaceOrientationLandscapeRight";
				IPHONEOS_DEPLOYMENT_TARGET = 15.0;
				LD_RUNPATH_SEARCH_PATHS = (
					"$(inherited)",
					"@executable_path/Frameworks",
				);
				MARKETING_VERSION = 1.0;
				PRODUCT_BUNDLE_IDENTIFIER = com.test.EnviroScanner;
				PRODUCT_NAME = "$(TARGET_NAME)";
				SWIFT_EMIT_LOC_STRINGS = YES;
				SWIFT_VERSION = 5.0;
				TARGETED_DEVICE_FAMILY = "1,2";
			};
			name = Debug;
		};
		22C63AD4271F5F3F00D13DAD /* Release */ = {
			isa = XCBuildConfiguration;
			buildSettings = {
				ASSETCATALOG_COMPILER_APPICON_NAME = AppIcon;
				ASSETCATALOG_COMPILER_GLOBAL_ACCENT_COLOR_NAME = AccentColor;
				CODE_SIGN_STYLE = Automatic;
				CURRENT_PROJECT_VERSION = 1;
				DEVELOPMENT_ASSET_PATHS = "\"EnviroScanner/Preview Content\"";
				DEVELOPMENT_TEAM = D3FTVZH9EX;
				ENABLE_PREVIEWS = YES;
				GENERATE_INFOPLIST_FILE = YES;
				INFOPLIST_KEY_UIApplicationSceneManifest_Generation = YES;
				INFOPLIST_KEY_UIApplicationSupportsIndirectInputEvents = YES;
				INFOPLIST_KEY_UILaunchScreen_Generation = YES;
				INFOPLIST_KEY_UISupportedInterfaceOrientations_iPad = "UIInterfaceOrientationPortrait UIInterfaceOrientationPortraitUpsideDown UIInterfaceOrientationLandscapeLeft UIInterfaceOrientationLandscapeRight";
				INFOPLIST_KEY_UISupportedInterfaceOrientations_iPhone = "UIInterfaceOrientationPortrait UIInterfaceOrientationLandscapeLeft UIInterfaceOrientationLandscapeRight";
				IPHONEOS_DEPLOYMENT_TARGET = 15.0;
				LD_RUNPATH_SEARCH_PATHS = (
					"$(inherited)",
					"@executable_path/Frameworks",
				);
				MARKETING_VERSION = 1.0;
				PRODUCT_BUNDLE_IDENTIFIER = com.test.EnviroScanner;
				PRODUCT_NAME = "$(TARGET_NAME)";
				SWIFT_EMIT_LOC_STRINGS = YES;
				SWIFT_VERSION = 5.0;
				TARGETED_DEVICE_FAMILY = "1,2";
			};
			name = Release;
		};
/* End XCBuildConfiguration section */

/* Begin XCConfigurationList section */
		22C63ABF271F5F3C00D13DAD /* Build configuration list for PBXProject "EnviroScanner" */ = {
			isa = XCConfigurationList;
			buildConfigurations = (
				22C63AD0271F5F3F00D13DAD /* Debug */,
				22C63AD1271F5F3F00D13DAD /* Release */,
			);
			defaultConfigurationIsVisible = 0;
			defaultConfigurationName = Release;
		};
		22C63AD2271F5F3F00D13DAD /* Build configuration list for PBXNativeTarget "EnviroScanner" */ = {
			isa = XCConfigurationList;
			buildConfigurations = (
				22C63AD3271F5F3F00D13DAD /* Debug */,
				22C63AD4271F5F3F00D13DAD /* Release */,
			);
			defaultConfigurationIsVisible = 0;
			defaultConfigurationName = Release;
		};
/* End XCConfigurationList section */
	};
	rootObject = 22C63ABC271F5F3C00D13DAD /* Project object */;
}
